
Microsoft Visual Studio Solution File, Format Version 12.00
# Visual Studio Version 16
VisualStudioVersion = 16.0.30104.148
MinimumVisualStudioVersion = 10.0.40219.1
Project("{9A19103F-16F7-4668-BE54-9A1E7A4F7556}") = "RedworkDE.DvTime", "RedworkDE.DvTime.csproj", "{61CDC536-4F20-F6B0-7A32-71021242F0B0}"
EndProject
Global
	GlobalSection(SolutionConfigurationPlatforms) = preSolution
		BepInEx|x64 = BepInEx|x64
		UMM|x64 = UMM|x64
	EndGlobalSection
	GlobalSection(ProjectConfigurationPlatforms) = postSolution
		{61CDC536-4F20-F6B0-7A32-71021242F0B0}.BepInEx|x64.ActiveCfg = BepInEx|x64
		{61CDC536-4F20-F6B0-7A32-71021242F0B0}.BepInEx|x64.Build.0 = BepInEx|x64
		{61CDC536-4F20-F6B0-7A32-71021242F0B0}.UMM|x64.ActiveCfg = UMM|x64
		{61CDC536-4F20-F6B0-7A32-71021242F0B0}.UMM|x64.Build.0 = UMM|x64
	EndGlobalSection
	GlobalSection(SolutionProperties) = preSolution
		HideSolutionNode = FALSE
	EndGlobalSection
	GlobalSection(ExtensibilityGlobals) = postSolution
		SolutionGuid = {72CB6196-6DE3-4295-A7BC-47A1CA79F4D9}
	EndGlobalSection
EndGlobal
